
Microsoft Visual Studio Solution File, Format Version 12.00
# Visual Studio Version 16
VisualStudioVersion = 16.0.29503.13
MinimumVisualStudioVersion = 10.0.40219.1
Project("{2150E333-8FDC-42A3-9474-1A3956D46DE8}") = "docs", "docs", "{CA10A654-5178-4A29-BCA2-00E0DF903B2E}"
	ProjectSection(SolutionItems) = preProject
		docs\LICENSE.txt = docs\LICENSE.txt
		docs\README.md = docs\README.md
		docs\README_NUGET.md = docs\README_NUGET.md
		docs\RELEASE_NOTES.txt = docs\RELEASE_NOTES.txt
	EndProjectSection
EndProject
Project("{2150E333-8FDC-42A3-9474-1A3956D46DE8}") = "screenshot", "screenshot", "{6ACA1779-CA16-4E21-8790-2D4E1326A77A}"
	ProjectSection(SolutionItems) = preProject
		docs\images\screenshot\instalacion_clonar_github.png = docs\images\screenshot\instalacion_clonar_github.png
		docs\images\screenshot\instalacion_clonar_visualstudio.png = docs\images\screenshot\instalacion_clonar_visualstudio.png
		docs\images\screenshot\instalacion_zip.png = docs\images\screenshot\instalacion_zip.png
		docs\images\screenshot\pruebas_unitarias.png = docs\images\screenshot\pruebas_unitarias.png
		docs\images\screenshot\resultados_archivos.png = docs\images\screenshot\resultados_archivos.png
		docs\images\screenshot\resultados_consola.png = docs\images\screenshot\resultados_consola.png
	EndProjectSection
EndProject
Project("{9A19103F-16F7-4668-BE54-9A1E7A4F7556}") = "Kitpymes.Core.Logger", "Kitpymes.Core.Logger\Kitpymes.Core.Logger.csproj", "{3265C0BE-85B4-4D72-BC20-3DBFF64BC3D5}"
EndProject
Project("{9A19103F-16F7-4668-BE54-9A1E7A4F7556}") = "Kitpymes.Core.Logger.Abstractions", "Kitpymes.Core.Logger.Abstractions\Kitpymes.Core.Logger.Abstractions.csproj", "{DF85298C-E1F7-4FD2-BD0E-F65BD8E6B212}"
EndProject
Project("{9A19103F-16F7-4668-BE54-9A1E7A4F7556}") = "Kitpymes.Core.Logger.Serilog", "Kitpymes.Core.Logger.Serilog\Kitpymes.Core.Logger.Serilog.csproj", "{FE640C4E-F993-4CCB-89FE-4A91CE2EC7B8}"
EndProject
Project("{2150E333-8FDC-42A3-9474-1A3956D46DE8}") = "images", "images", "{215718F9-C3BE-445D-9DC5-2BBBB5241BD9}"
	ProjectSection(SolutionItems) = preProject
		docs\images\logo.ico = docs\images\logo.ico
		docs\images\logo.png = docs\images\logo.png
	EndProjectSection
EndProject
Project("{2150E333-8FDC-42A3-9474-1A3956D46DE8}") = "analyzers", "analyzers", "{915A7562-25C7-4A2E-B655-9419262205FD}"
	ProjectSection(SolutionItems) = preProject
		.editorconfig = .editorconfig
		docs\analyzers\CodeAnalysis.ruleset = docs\analyzers\CodeAnalysis.ruleset
		docs\analyzers\stylecop.json = docs\analyzers\stylecop.json
	EndProjectSection
EndProject
Project("{2150E333-8FDC-42A3-9474-1A3956D46DE8}") = "signassembly", "signassembly", "{3289D48F-BC52-4244-90E0-92A0FF4FD299}"
	ProjectSection(SolutionItems) = preProject
		docs\signassembly\SignStrong.snk = docs\signassembly\SignStrong.snk
	EndProjectSection
EndProject
Project("{2150E333-8FDC-42A3-9474-1A3956D46DE8}") = "packages", "packages", "{B56AC596-D457-44B1-9ADB-55402B0E3F3C}"
EndProject
Project("{2150E333-8FDC-42A3-9474-1A3956D46DE8}") = "props", "props", "{CAF41BEE-8705-4791-99A4-49C5B94885C5}"
	ProjectSection(SolutionItems) = preProject
		docs\_config.yml = docs\_config.yml
		docs\props\Common.Build.props = docs\props\Common.Build.props
		.github\workflows\dotnetcore.yml = .github\workflows\dotnetcore.yml
		global.json = global.json
		docs\props\Pack.Build.props = docs\props\Pack.Build.props
		docs\props\tests.runsettings = docs\props\tests.runsettings
	EndProjectSection
EndProject
Project("{2150E333-8FDC-42A3-9474-1A3956D46DE8}") = "tests", "tests", "{94B2B749-37E6-4BD8-B9A3-CC7C8C3444EC}"
EndProject
Project("{9A19103F-16F7-4668-BE54-9A1E7A4F7556}") = "Tests.Api", "tests\Test.Api\Tests.Api.csproj", "{6153C9E9-71E4-40AE-AD08-0A22F8D7F1DE}"
EndProject
Project("{9A19103F-16F7-4668-BE54-9A1E7A4F7556}") = "Tests.Api.Nuget", "tests\Tests.Api.Nuget\Tests.Api.Nuget.csproj", "{B5521E02-9237-4F47-8967-5CD33272AC2F}"
EndProject
Project("{9A19103F-16F7-4668-BE54-9A1E7A4F7556}") = "Kitpymes.Core.Logger.Serilog.Tests", "Kitpymes.Core.Logger.Serilog.Tests\Kitpymes.Core.Logger.Serilog.Tests.csproj", "{5F677C57-2789-46D0-9D28-E79326388C22}"
EndProject
Global
	GlobalSection(SolutionConfigurationPlatforms) = preSolution
		Debug|Any CPU = Debug|Any CPU
		Release|Any CPU = Release|Any CPU
	EndGlobalSection
	GlobalSection(ProjectConfigurationPlatforms) = postSolution
		{3265C0BE-85B4-4D72-BC20-3DBFF64BC3D5}.Debug|Any CPU.ActiveCfg = Debug|Any CPU
		{3265C0BE-85B4-4D72-BC20-3DBFF64BC3D5}.Debug|Any CPU.Build.0 = Debug|Any CPU
		{3265C0BE-85B4-4D72-BC20-3DBFF64BC3D5}.Release|Any CPU.ActiveCfg = Release|Any CPU
		{3265C0BE-85B4-4D72-BC20-3DBFF64BC3D5}.Release|Any CPU.Build.0 = Release|Any CPU
		{DF85298C-E1F7-4FD2-BD0E-F65BD8E6B212}.Debug|Any CPU.ActiveCfg = Debug|Any CPU
		{DF85298C-E1F7-4FD2-BD0E-F65BD8E6B212}.Debug|Any CPU.Build.0 = Debug|Any CPU
		{DF85298C-E1F7-4FD2-BD0E-F65BD8E6B212}.Release|Any CPU.ActiveCfg = Release|Any CPU
		{DF85298C-E1F7-4FD2-BD0E-F65BD8E6B212}.Release|Any CPU.Build.0 = Release|Any CPU
		{FE640C4E-F993-4CCB-89FE-4A91CE2EC7B8}.Debug|Any CPU.ActiveCfg = Debug|Any CPU
		{FE640C4E-F993-4CCB-89FE-4A91CE2EC7B8}.Debug|Any CPU.Build.0 = Debug|Any CPU
		{FE640C4E-F993-4CCB-89FE-4A91CE2EC7B8}.Release|Any CPU.ActiveCfg = Release|Any CPU
		{FE640C4E-F993-4CCB-89FE-4A91CE2EC7B8}.Release|Any CPU.Build.0 = Release|Any CPU
		{6153C9E9-71E4-40AE-AD08-0A22F8D7F1DE}.Debug|Any CPU.ActiveCfg = Debug|Any CPU
		{6153C9E9-71E4-40AE-AD08-0A22F8D7F1DE}.Debug|Any CPU.Build.0 = Debug|Any CPU
		{6153C9E9-71E4-40AE-AD08-0A22F8D7F1DE}.Release|Any CPU.ActiveCfg = Release|Any CPU
		{6153C9E9-71E4-40AE-AD08-0A22F8D7F1DE}.Release|Any CPU.Build.0 = Release|Any CPU
		{B5521E02-9237-4F47-8967-5CD33272AC2F}.Debug|Any CPU.ActiveCfg = Debug|Any CPU
		{B5521E02-9237-4F47-8967-5CD33272AC2F}.Debug|Any CPU.Build.0 = Debug|Any CPU
		{B5521E02-9237-4F47-8967-5CD33272AC2F}.Release|Any CPU.ActiveCfg = Release|Any CPU
		{B5521E02-9237-4F47-8967-5CD33272AC2F}.Release|Any CPU.Build.0 = Release|Any CPU
		{5F677C57-2789-46D0-9D28-E79326388C22}.Debug|Any CPU.ActiveCfg = Debug|Any CPU
		{5F677C57-2789-46D0-9D28-E79326388C22}.Debug|Any CPU.Build.0 = Debug|Any CPU
		{5F677C57-2789-46D0-9D28-E79326388C22}.Release|Any CPU.ActiveCfg = Release|Any CPU
		{5F677C57-2789-46D0-9D28-E79326388C22}.Release|Any CPU.Build.0 = Release|Any CPU
	EndGlobalSection
	GlobalSection(SolutionProperties) = preSolution
		HideSolutionNode = FALSE
	EndGlobalSection
	GlobalSection(NestedProjects) = preSolution
		{6ACA1779-CA16-4E21-8790-2D4E1326A77A} = {215718F9-C3BE-445D-9DC5-2BBBB5241BD9}
		{215718F9-C3BE-445D-9DC5-2BBBB5241BD9} = {CA10A654-5178-4A29-BCA2-00E0DF903B2E}
		{915A7562-25C7-4A2E-B655-9419262205FD} = {CA10A654-5178-4A29-BCA2-00E0DF903B2E}
		{3289D48F-BC52-4244-90E0-92A0FF4FD299} = {CA10A654-5178-4A29-BCA2-00E0DF903B2E}
		{B56AC596-D457-44B1-9ADB-55402B0E3F3C} = {CA10A654-5178-4A29-BCA2-00E0DF903B2E}
		{CAF41BEE-8705-4791-99A4-49C5B94885C5} = {CA10A654-5178-4A29-BCA2-00E0DF903B2E}
		{6153C9E9-71E4-40AE-AD08-0A22F8D7F1DE} = {94B2B749-37E6-4BD8-B9A3-CC7C8C3444EC}
		{B5521E02-9237-4F47-8967-5CD33272AC2F} = {94B2B749-37E6-4BD8-B9A3-CC7C8C3444EC}
	EndGlobalSection
	GlobalSection(ExtensibilityGlobals) = postSolution
		SolutionGuid = {7D1FAED4-9FFC-4037-BCBB-B3A1149047B3}
	EndGlobalSection
EndGlobal
